
Microsoft Visual Studio Solution File, Format Version 12.00
# Visual Studio Version 16
VisualStudioVersion = 16.0.30523.141
MinimumVisualStudioVersion = 10.0.40219.1
Project("{FAE04EC0-301F-11D3-BF4B-00C04F79EFBC}") = "Recipe", "Recipe.csproj", "{6BF94EB2-B619-4D6F-9C0D-0BDC5D6267A6}"
EndProject
Project("{FAE04EC0-301F-11D3-BF4B-00C04F79EFBC}") = "Core", "..\..\..\Core\Core.csproj", "{5539D732-34A7-44AB-9E28-116C3429B12A}"
EndProject
Global
	GlobalSection(SolutionConfigurationPlatforms) = preSolution
		Debug|Any CPU = Debug|Any CPU
		Release|Any CPU = Release|Any CPU
	EndGlobalSection
	GlobalSection(ProjectConfigurationPlatforms) = postSolution
		{6BF94EB2-B619-4D6F-9C0D-0BDC5D6267A6}.Debug|Any CPU.ActiveCfg = Debug|Any CPU
		{6BF94EB2-B619-4D6F-9C0D-0BDC5D6267A6}.Debug|Any CPU.Build.0 = Debug|Any CPU
		{6BF94EB2-B619-4D6F-9C0D-0BDC5D6267A6}.Release|Any CPU.ActiveCfg = Release|Any CPU
		{6BF94EB2-B619-4D6F-9C0D-0BDC5D6267A6}.Release|Any CPU.Build.0 = Release|Any CPU
		{5539D732-34A7-44AB-9E28-116C3429B12A}.Debug|Any CPU.ActiveCfg = Debug|Any CPU
		{5539D732-34A7-44AB-9E28-116C3429B12A}.Debug|Any CPU.Build.0 = Debug|Any CPU
		{5539D732-34A7-44AB-9E28-116C3429B12A}.Release|Any CPU.ActiveCfg = Release|Any CPU
		{5539D732-34A7-44AB-9E28-116C3429B12A}.Release|Any CPU.Build.0 = Release|Any CPU
	EndGlobalSection
	GlobalSection(SolutionProperties) = preSolution
		HideSolutionNode = FALSE
	EndGlobalSection
	GlobalSection(ExtensibilityGlobals) = postSolution
		SolutionGuid = {3FC816B2-77BC-4F36-8E41-E2F718FD1DEC}
	EndGlobalSection
EndGlobal
